// !$*UTF8*$!
{
	archiveVersion = 1;
	classes = {
	};
	objectVersion = 46;
	objects = {

/* Begin PBXBuildFile section */
		52DFE25C1BE3040A00FFACFC /* AppDelegate.swift in Sources */ = {isa = PBXBuildFile; fileRef = 52DFE25B1BE3040A00FFACFC /* AppDelegate.swift */; };
		52DFE25E1BE3040A00FFACFC /* ViewController.swift in Sources */ = {isa = PBXBuildFile; fileRef = 52DFE25D1BE3040A00FFACFC /* ViewController.swift */; };
		52DFE2611BE3040A00FFACFC /* Main.storyboard in Resources */ = {isa = PBXBuildFile; fileRef = 52DFE25F1BE3040A00FFACFC /* Main.storyboard */; };
		52DFE2631BE3040A00FFACFC /* Assets.xcassets in Resources */ = {isa = PBXBuildFile; fileRef = 52DFE2621BE3040A00FFACFC /* Assets.xcassets */; };
		52DFE2661BE3040A00FFACFC /* LaunchScreen.storyboard in Resources */ = {isa = PBXBuildFile; fileRef = 52DFE2641BE3040A00FFACFC /* LaunchScreen.storyboard */; };
		52DFE26E1BE42F1E00FFACFC /* FormValidationErrors.swift in Sources */ = {isa = PBXBuildFile; fileRef = 52DFE26D1BE42F1E00FFACFC /* FormValidationErrors.swift */; };
		52DFE2701BE430FE00FFACFC /* FormValidationModel.swift in Sources */ = {isa = PBXBuildFile; fileRef = 52DFE26F1BE430FE00FFACFC /* FormValidationModel.swift */; };
/* End PBXBuildFile section */

/* Begin PBXFileReference section */
		52DFE2581BE3040A00FFACFC /* Error Handling.app */ = {isa = PBXFileReference; explicitFileType = wrapper.application; includeInIndex = 0; path = "Error Handling.app"; sourceTree = BUILT_PRODUCTS_DIR; };
		52DFE25B1BE3040A00FFACFC /* AppDelegate.swift */ = {isa = PBXFileReference; lastKnownFileType = sourcecode.swift; path = AppDelegate.swift; sourceTree = "<group>"; };
		52DFE25D1BE3040A00FFACFC /* ViewController.swift */ = {isa = PBXFileReference; lastKnownFileType = sourcecode.swift; path = ViewController.swift; sourceTree = "<group>"; };
		52DFE2601BE3040A00FFACFC /* Base */ = {isa = PBXFileReference; lastKnownFileType = file.storyboard; name = Base; path = Base.lproj/Main.storyboard; sourceTree = "<group>"; };
		52DFE2621BE3040A00FFACFC /* Assets.xcassets */ = {isa = PBXFileReference; lastKnownFileType = folder.assetcatalog; path = Assets.xcassets; sourceTree = "<group>"; };
		52DFE2651BE3040A00FFACFC /* Base */ = {isa = PBXFileReference; lastKnownFileType = file.storyboard; name = Base; path = Base.lproj/LaunchScreen.storyboard; sourceTree = "<group>"; };
		52DFE2671BE3040A00FFACFC /* Info.plist */ = {isa = PBXFileReference; lastKnownFileType = text.plist.xml; path = Info.plist; sourceTree = "<group>"; };
		52DFE26D1BE42F1E00FFACFC /* FormValidationErrors.swift */ = {isa = PBXFileReference; fileEncoding = 4; lastKnownFileType = sourcecode.swift; path = FormValidationErrors.swift; sourceTree = "<group>"; };
		52DFE26F1BE430FE00FFACFC /* FormValidationModel.swift */ = {isa = PBXFileReference; fileEncoding = 4; lastKnownFileType = sourcecode.swift; path = FormValidationModel.swift; sourceTree = "<group>"; };
/* End PBXFileReference section */

/* Begin PBXFrameworksBuildPhase section */
		52DFE2551BE3040A00FFACFC /* Frameworks */ = {
			isa = PBXFrameworksBuildPhase;
			buildActionMask = 2147483647;
			files = (
			);
			runOnlyForDeploymentPostprocessing = 0;
		};
/* End PBXFrameworksBuildPhase section */

/* Begin PBXGroup section */
		52DFE24F1BE3040A00FFACFC = {
			isa = PBXGroup;
			children = (
				52DFE25A1BE3040A00FFACFC /* Error Handling */,
				52DFE2591BE3040A00FFACFC /* Products */,
			);
			sourceTree = "<group>";
		};
		52DFE2591BE3040A00FFACFC /* Products */ = {
			isa = PBXGroup;
			children = (
				52DFE2581BE3040A00FFACFC /* Error Handling.app */,
			);
			name = Products;
			sourceTree = "<group>";
		};
		52DFE25A1BE3040A00FFACFC /* Error Handling */ = {
			isa = PBXGroup;
			children = (
				52DFE25B1BE3040A00FFACFC /* AppDelegate.swift */,
				52DFE25D1BE3040A00FFACFC /* ViewController.swift */,
				52DFE25F1BE3040A00FFACFC /* Main.storyboard */,
				52DFE2621BE3040A00FFACFC /* Assets.xcassets */,
				52DFE2641BE3040A00FFACFC /* LaunchScreen.storyboard */,
				52DFE2671BE3040A00FFACFC /* Info.plist */,
				52DFE26D1BE42F1E00FFACFC /* FormValidationErrors.swift */,
				52DFE26F1BE430FE00FFACFC /* FormValidationModel.swift */,
			);
			path = "Error Handling";
			sourceTree = "<group>";
		};
/* End PBXGroup section */

/* Begin PBXNativeTarget section */
		52DFE2571BE3040A00FFACFC /* Error Handling */ = {
			isa = PBXNativeTarget;
			buildConfigurationList = 52DFE26A1BE3040A00FFACFC /* Build configuration list for PBXNativeTarget "Error Handling" */;
			buildPhases = (
				52DFE2541BE3040A00FFACFC /* Sources */,
				52DFE2551BE3040A00FFACFC /* Frameworks */,
				52DFE2561BE3040A00FFACFC /* Resources */,
			);
			buildRules = (
			);
			dependencies = (
			);
			name = "Error Handling";
			productName = "Error Handling";
			productReference = 52DFE2581BE3040A00FFACFC /* Error Handling.app */;
			productType = "com.apple.product-type.application";
		};
/* End PBXNativeTarget section */

/* Begin PBXProject section */
		52DFE2501BE3040A00FFACFC /* Project object */ = {
			isa = PBXProject;
			attributes = {
				LastSwiftUpdateCheck = 0710;
				LastUpgradeCheck = 0710;
				ORGANIZATIONNAME = dniswhite;
				TargetAttributes = {
					52DFE2571BE3040A00FFACFC = {
						CreatedOnToolsVersion = 7.1;
					};
				};
			};
			buildConfigurationList = 52DFE2531BE3040A00FFACFC /* Build configuration list for PBXProject "Error Handling" */;
			compatibilityVersion = "Xcode 3.2";
			developmentRegion = English;
			hasScannedForEncodings = 0;
			knownRegions = (
				en,
				Base,
			);
			mainGroup = 52DFE24F1BE3040A00FFACFC;
			productRefGroup = 52DFE2591BE3040A00FFACFC /* Products */;
			projectDirPath = "";
			projectRoot = "";
			targets = (
				52DFE2571BE3040A00FFACFC /* Error Handling */,
			);
		};
/* End PBXProject section */

/* Begin PBXResourcesBuildPhase section */
		52DFE2561BE3040A00FFACFC /* Resources */ = {
			isa = PBXResourcesBuildPhase;
			buildActionMask = 2147483647;
			files = (
				52DFE2661BE3040A00FFACFC /* LaunchScreen.storyboard in Resources */,
				52DFE2631BE3040A00FFACFC /* Assets.xcassets in Resources */,
				52DFE2611BE3040A00FFACFC /* Main.storyboard in Resources */,
			);
			runOnlyForDeploymentPostprocessing = 0;
		};
/* End PBXResourcesBuildPhase section */

/* Begin PBXSourcesBuildPhase section */
		52DFE2541BE3040A00FFACFC /* Sources */ = {
			isa = PBXSourcesBuildPhase;
			buildActionMask = 2147483647;
			files = (
				52DFE2701BE430FE00FFACFC /* FormValidationModel.swift in Sources */,
				52DFE25E1BE3040A00FFACFC /* ViewController.swift in Sources */,
				52DFE26E1BE42F1E00FFACFC /* FormValidationErrors.swift in Sources */,
				52DFE25C1BE3040A00FFACFC /* AppDelegate.swift in Sources */,
			);
			runOnlyForDeploymentPostprocessing = 0;
		};
/* End PBXSourcesBuildPhase section */

/* Begin PBXVariantGroup section */
		52DFE25F1BE3040A00FFACFC /* Main.storyboard */ = {
			isa = PBXVariantGroup;
			children = (
				52DFE2601BE3040A00FFACFC /* Base */,
			);
			name = Main.storyboard;
			sourceTree = "<group>";
		};
		52DFE2641BE3040A00FFACFC /* LaunchScreen.storyboard */ = {
			isa = PBXVariantGroup;
			children = (
				52DFE2651BE3040A00FFACFC /* Base */,
			);
			name = LaunchScreen.storyboard;
			sourceTree = "<group>";
		};
/* End PBXVariantGroup section */

/* Begin XCBuildConfiguration section */
		52DFE2681BE3040A00FFACFC /* Debug */ = {
			isa = XCBuildConfiguration;
			buildSettings = {
				ALWAYS_SEARCH_USER_PATHS = NO;
				CLANG_CXX_LANGUAGE_STANDARD = "gnu++0x";
				CLANG_CXX_LIBRARY = "libc++";
				CLANG_ENABLE_MODULES = YES;
				CLANG_ENABLE_OBJC_ARC = YES;
				CLANG_WARN_BOOL_CONVERSION = YES;
				CLANG_WARN_CONSTANT_CONVERSION = YES;
				CLANG_WARN_DIRECT_OBJC_ISA_USAGE = YES_ERROR;
				CLANG_WARN_EMPTY_BODY = YES;
				CLANG_WARN_ENUM_CONVERSION = YES;
				CLANG_WARN_INT_CONVERSION = YES;
				CLANG_WARN_OBJC_ROOT_CLASS = YES_ERROR;
				CLANG_WARN_UNREACHABLE_CODE = YES;
				CLANG_WARN__DUPLICATE_METHOD_MATCH = YES;
				"CODE_SIGN_IDENTITY[sdk=iphoneos*]" = "iPhone Developer";
				COPY_PHASE_STRIP = NO;
				DEBUG_INFORMATION_FORMAT = dwarf;
				ENABLE_STRICT_OBJC_MSGSEND = YES;
				ENABLE_TESTABILITY = YES;
				GCC_C_LANGUAGE_STANDARD = gnu99;
				GCC_DYNAMIC_NO_PIC = NO;
				GCC_NO_COMMON_BLOCKS = YES;
				GCC_OPTIMIZATION_LEVEL = 0;
				GCC_PREPROCESSOR_DEFINITIONS = (
					"DEBUG=1",
					"$(inherited)",
				);
				GCC_WARN_64_TO_32_BIT_CONVERSION = YES;
				GCC_WARN_ABOUT_RETURN_TYPE = YES_ERROR;
				GCC_WARN_UNDECLARED_SELECTOR = YES;
				GCC_WARN_UNINITIALIZED_AUTOS = YES_AGGRESSIVE;
				GCC_WARN_UNUSED_FUNCTION = YES;
				GCC_WARN_UNUSED_VARIABLE = YES;
				IPHONEOS_DEPLOYMENT_TARGET = 9.1;
				MTL_ENABLE_DEBUG_INFO = YES;
				ONLY_ACTIVE_ARCH = YES;
				SDKROOT = iphoneos;
				SWIFT_OPTIMIZATION_LEVEL = "-Onone";
			};
			name = Debug;
		};
		52DFE2691BE3040A00FFACFC /* Release */ = {
			isa = XCBuildConfiguration;
			buildSettings = {
				ALWAYS_SEARCH_USER_PATHS = NO;
				CLANG_CXX_LANGUAGE_STANDARD = "gnu++0x";
				CLANG_CXX_LIBRARY = "libc++";
				CLANG_ENABLE_MODULES = YES;
				CLANG_ENABLE_OBJC_ARC = YES;
				CLANG_WARN_BOOL_CONVERSION = YES;
				CLANG_WARN_CONSTANT_CONVERSION = YES;
				CLANG_WARN_DIRECT_OBJC_ISA_USAGE = YES_ERROR;
				CLANG_WARN_EMPTY_BODY = YES;
				CLANG_WARN_ENUM_CONVERSION = YES;
				CLANG_WARN_INT_CONVERSION = YES;
				CLANG_WARN_OBJC_ROOT_CLASS = YES_ERROR;
				CLANG_WARN_UNREACHABLE_CODE = YES;
				CLANG_WARN__DUPLICATE_METHOD_MATCH = YES;
				"CODE_SIGN_IDENTITY[sdk=iphoneos*]" = "iPhone Developer";
				COPY_PHASE_STRIP = NO;
				DEBUG_INFORMATION_FORMAT = "dwarf-with-dsym";
				ENABLE_NS_ASSERTIONS = NO;
				ENABLE_STRICT_OBJC_MSGSEND = YES;
				GCC_C_LANGUAGE_STANDARD = gnu99;
				GCC_NO_COMMON_BLOCKS = YES;
				GCC_WARN_64_TO_32_BIT_CONVERSION = YES;
				GCC_WARN_ABOUT_RETURN_TYPE = YES_ERROR;
				GCC_WARN_UNDECLARED_SELECTOR = YES;
				GCC_WARN_UNINITIALIZED_AUTOS = YES_AGGRESSIVE;
				GCC_WARN_UNUSED_FUNCTION = YES;
				GCC_WARN_UNUSED_VARIABLE = YES;
				IPHONEOS_DEPLOYMENT_TARGET = 9.1;
				MTL_ENABLE_DEBUG_INFO = NO;
				SDKROOT = iphoneos;
				VALIDATE_PRODUCT = YES;
			};
			name = Release;
		};
		52DFE26B1BE3040A00FFACFC /* Debug */ = {
			isa = XCBuildConfiguration;
			buildSettings = {
				ASSETCATALOG_COMPILER_APPICON_NAME = AppIcon;
				INFOPLIST_FILE = "Error Handling/Info.plist";
				LD_RUNPATH_SEARCH_PATHS = "$(inherited) @executable_path/Frameworks";
				PRODUCT_BUNDLE_IDENTIFIER = "com.dniswhite.Error-Handling";
				PRODUCT_NAME = "$(TARGET_NAME)";
			};
			name = Debug;
		};
		52DFE26C1BE3040A00FFACFC /* Release */ = {
			isa = XCBuildConfiguration;
			buildSettings = {
				ASSETCATALOG_COMPILER_APPICON_NAME = AppIcon;
				INFOPLIST_FILE = "Error Handling/Info.plist";
				LD_RUNPATH_SEARCH_PATHS = "$(inherited) @executable_path/Frameworks";
				PRODUCT_BUNDLE_IDENTIFIER = "com.dniswhite.Error-Handling";
				PRODUCT_NAME = "$(TARGET_NAME)";
			};
			name = Release;
		};
/* End XCBuildConfiguration section */

/* Begin XCConfigurationList section */
		52DFE2531BE3040A00FFACFC /* Build configuration list for PBXProject "Error Handling" */ = {
			isa = XCConfigurationList;
			buildConfigurations = (
				52DFE2681BE3040A00FFACFC /* Debug */,
				52DFE2691BE3040A00FFACFC /* Release */,
			);
			defaultConfigurationIsVisible = 0;
			defaultConfigurationName = Release;
		};
		52DFE26A1BE3040A00FFACFC /* Build configuration list for PBXNativeTarget "Error Handling" */ = {
			isa = XCConfigurationList;
			buildConfigurations = (
				52DFE26B1BE3040A00FFACFC /* Debug */,
				52DFE26C1BE3040A00FFACFC /* Release */,
			);
			defaultConfigurationIsVisible = 0;
			defaultConfigurationName = Release;
		};
/* End XCConfigurationList section */
	};
	rootObject = 52DFE2501BE3040A00FFACFC /* Project object */;
}
